
Microsoft Visual Studio Solution File, Format Version 12.00
# Visual Studio 15
VisualStudioVersion = 15.0.28307.539
MinimumVisualStudioVersion = 10.0.40219.1
Project("{FAE04EC0-301F-11D3-BF4B-00C04F79EFBC}") = "CycleRace", "CycleRace\CycleRace.csproj", "{B4449E1E-5077-4EDE-A1FE-4FBF6BC36B60}"
EndProject
Global
	GlobalSection(SolutionConfigurationPlatforms) = preSolution
		Debug|Any CPU = Debug|Any CPU
		Release|Any CPU = Release|Any CPU
	EndGlobalSection
	GlobalSection(ProjectConfigurationPlatforms) = postSolution
		{B4449E1E-5077-4EDE-A1FE-4FBF6BC36B60}.Debug|Any CPU.ActiveCfg = Debug|Any CPU
		{B4449E1E-5077-4EDE-A1FE-4FBF6BC36B60}.Debug|Any CPU.Build.0 = Debug|Any CPU
		{B4449E1E-5077-4EDE-A1FE-4FBF6BC36B60}.Release|Any CPU.ActiveCfg = Release|Any CPU
		{B4449E1E-5077-4EDE-A1FE-4FBF6BC36B60}.Release|Any CPU.Build.0 = Release|Any CPU
	EndGlobalSection
	GlobalSection(SolutionProperties) = preSolution
		HideSolutionNode = FALSE
	EndGlobalSection
	GlobalSection(ExtensibilityGlobals) = postSolution
		SolutionGuid = {0E5C6BE7-0516-452A-A3AA-B48641613FE4}
	EndGlobalSection
EndGlobal
